
Microsoft Visual Studio Solution File, Format Version 12.00
# Visual Studio Version 16
VisualStudioVersion = 16.0.32602.291
MinimumVisualStudioVersion = 10.0.40219.1
Project("{FAE04EC0-301F-11D3-BF4B-00C04F79EFBC}") = "Cercles", "Cercles\Cercles.csproj", "{D61868E9-B671-4B30-B47B-F28B3C0E28D8}"
EndProject
Global
	GlobalSection(SolutionConfigurationPlatforms) = preSolution
		Debug|Any CPU = Debug|Any CPU
		Release|Any CPU = Release|Any CPU
	EndGlobalSection
	GlobalSection(ProjectConfigurationPlatforms) = postSolution
		{D61868E9-B671-4B30-B47B-F28B3C0E28D8}.Debug|Any CPU.ActiveCfg = Debug|Any CPU
		{D61868E9-B671-4B30-B47B-F28B3C0E28D8}.Debug|Any CPU.Build.0 = Debug|Any CPU
		{D61868E9-B671-4B30-B47B-F28B3C0E28D8}.Release|Any CPU.ActiveCfg = Release|Any CPU
		{D61868E9-B671-4B30-B47B-F28B3C0E28D8}.Release|Any CPU.Build.0 = Release|Any CPU
	EndGlobalSection
	GlobalSection(SolutionProperties) = preSolution
		HideSolutionNode = FALSE
	EndGlobalSection
	GlobalSection(ExtensibilityGlobals) = postSolution
		SolutionGuid = {286D7A77-AF81-424F-A9DA-C4CCD347E649}
	EndGlobalSection
EndGlobal
